
Microsoft Visual Studio Solution File, Format Version 12.00
# Visual Studio Version 16
VisualStudioVersion = 16.0.30717.126
MinimumVisualStudioVersion = 10.0.40219.1
Project("{FAE04EC0-301F-11D3-BF4B-00C04F79EFBC}") = "GoogleMap", "GoogleMap\GoogleMap.csproj", "{C0AEF126-8409-4A8F-AD9E-22FC812FCAAF}"
EndProject
Global
	GlobalSection(SolutionConfigurationPlatforms) = preSolution
		Debug|Any CPU = Debug|Any CPU
		Release|Any CPU = Release|Any CPU
	EndGlobalSection
	GlobalSection(ProjectConfigurationPlatforms) = postSolution
		{C0AEF126-8409-4A8F-AD9E-22FC812FCAAF}.Debug|Any CPU.ActiveCfg = Debug|Any CPU
		{C0AEF126-8409-4A8F-AD9E-22FC812FCAAF}.Debug|Any CPU.Build.0 = Debug|Any CPU
		{C0AEF126-8409-4A8F-AD9E-22FC812FCAAF}.Release|Any CPU.ActiveCfg = Release|Any CPU
		{C0AEF126-8409-4A8F-AD9E-22FC812FCAAF}.Release|Any CPU.Build.0 = Release|Any CPU
	EndGlobalSection
	GlobalSection(SolutionProperties) = preSolution
		HideSolutionNode = FALSE
	EndGlobalSection
	GlobalSection(ExtensibilityGlobals) = postSolution
		SolutionGuid = {F3BE5FE7-74AD-4CE8-B0B2-EB76F33686F9}
	EndGlobalSection
EndGlobal
